
Microsoft Visual Studio Solution File, Format Version 12.00
# Visual Studio Version 17
VisualStudioVersion = 17.14.36429.23 d17.14
MinimumVisualStudioVersion = 10.0.40219.1
Project("{FAE04EC0-301F-11D3-BF4B-00C04F79EFBC}") = "Veterinaria", "Veterinaria\Veterinaria.csproj", "{B50E4EFE-C0AF-46CE-9DBC-5D1828FF9834}"
EndProject
Project("{FAE04EC0-301F-11D3-BF4B-00C04F79EFBC}") = "LogicaDeNegocio", "LogicaDeNegocio\LogicaDeNegocio.csproj", "{E09A2BF1-234F-4791-9F36-41C3FE4F3C00}"
EndProject
Global
	GlobalSection(SolutionConfigurationPlatforms) = preSolution
		Debug|Any CPU = Debug|Any CPU
		Release|Any CPU = Release|Any CPU
	EndGlobalSection
	GlobalSection(ProjectConfigurationPlatforms) = postSolution
		{B50E4EFE-C0AF-46CE-9DBC-5D1828FF9834}.Debug|Any CPU.ActiveCfg = Debug|Any CPU
		{B50E4EFE-C0AF-46CE-9DBC-5D1828FF9834}.Debug|Any CPU.Build.0 = Debug|Any CPU
		{B50E4EFE-C0AF-46CE-9DBC-5D1828FF9834}.Release|Any CPU.ActiveCfg = Release|Any CPU
		{B50E4EFE-C0AF-46CE-9DBC-5D1828FF9834}.Release|Any CPU.Build.0 = Release|Any CPU
		{E09A2BF1-234F-4791-9F36-41C3FE4F3C00}.Debug|Any CPU.ActiveCfg = Debug|Any CPU
		{E09A2BF1-234F-4791-9F36-41C3FE4F3C00}.Debug|Any CPU.Build.0 = Debug|Any CPU
		{E09A2BF1-234F-4791-9F36-41C3FE4F3C00}.Release|Any CPU.ActiveCfg = Release|Any CPU
		{E09A2BF1-234F-4791-9F36-41C3FE4F3C00}.Release|Any CPU.Build.0 = Release|Any CPU
	EndGlobalSection
	GlobalSection(SolutionProperties) = preSolution
		HideSolutionNode = FALSE
	EndGlobalSection
	GlobalSection(ExtensibilityGlobals) = postSolution
		SolutionGuid = {6052E35E-8F12-4DB5-81F4-FD276D2156C4}
	EndGlobalSection
EndGlobal
